
Microsoft Visual Studio Solution File, Format Version 12.00
# Visual Studio 15
VisualStudioVersion = 15.0.28307.136
MinimumVisualStudioVersion = 10.0.40219.1
Project("{FAE04EC0-301F-11D3-BF4B-00C04F79EFBC}") = "MVCRockers", "MVCRockers\MVCRockers.csproj", "{7BB459A5-1FC8-465D-A398-E6C783CD6A71}"
EndProject
Project("{FAE04EC0-301F-11D3-BF4B-00C04F79EFBC}") = "MVCRockers.Tests", "MVCRockers.Tests\MVCRockers.Tests.csproj", "{EBCA7FFA-A63F-44EA-A482-89BB486F02B8}"
EndProject
Global
	GlobalSection(SolutionConfigurationPlatforms) = preSolution
		Debug|Any CPU = Debug|Any CPU
		Release|Any CPU = Release|Any CPU
	EndGlobalSection
	GlobalSection(ProjectConfigurationPlatforms) = postSolution
		{7BB459A5-1FC8-465D-A398-E6C783CD6A71}.Debug|Any CPU.ActiveCfg = Debug|Any CPU
		{7BB459A5-1FC8-465D-A398-E6C783CD6A71}.Debug|Any CPU.Build.0 = Debug|Any CPU
		{7BB459A5-1FC8-465D-A398-E6C783CD6A71}.Release|Any CPU.ActiveCfg = Release|Any CPU
		{7BB459A5-1FC8-465D-A398-E6C783CD6A71}.Release|Any CPU.Build.0 = Release|Any CPU
		{EBCA7FFA-A63F-44EA-A482-89BB486F02B8}.Debug|Any CPU.ActiveCfg = Debug|Any CPU
		{EBCA7FFA-A63F-44EA-A482-89BB486F02B8}.Debug|Any CPU.Build.0 = Debug|Any CPU
		{EBCA7FFA-A63F-44EA-A482-89BB486F02B8}.Release|Any CPU.ActiveCfg = Release|Any CPU
		{EBCA7FFA-A63F-44EA-A482-89BB486F02B8}.Release|Any CPU.Build.0 = Release|Any CPU
	EndGlobalSection
	GlobalSection(SolutionProperties) = preSolution
		HideSolutionNode = FALSE
	EndGlobalSection
	GlobalSection(ExtensibilityGlobals) = postSolution
		SolutionGuid = {4ABA4414-98A3-4461-86B0-3B2F35D8150D}
	EndGlobalSection
EndGlobal
